
Microsoft Visual Studio Solution File, Format Version 12.00
# Visual Studio 15
VisualStudioVersion = 15.0.28307.572
MinimumVisualStudioVersion = 10.0.40219.1
Project("{FAE04EC0-301F-11D3-BF4B-00C04F79EFBC}") = "UIKit3ASPNETMVC5", "UIKit3ASPNETMVC5\UIKit3ASPNETMVC5.csproj", "{4F4F16C1-F10F-4300-B574-0BC2BA546317}"
EndProject
Global
	GlobalSection(SolutionConfigurationPlatforms) = preSolution
		Debug|Any CPU = Debug|Any CPU
		Release|Any CPU = Release|Any CPU
	EndGlobalSection
	GlobalSection(ProjectConfigurationPlatforms) = postSolution
		{4F4F16C1-F10F-4300-B574-0BC2BA546317}.Debug|Any CPU.ActiveCfg = Debug|Any CPU
		{4F4F16C1-F10F-4300-B574-0BC2BA546317}.Debug|Any CPU.Build.0 = Debug|Any CPU
		{4F4F16C1-F10F-4300-B574-0BC2BA546317}.Release|Any CPU.ActiveCfg = Release|Any CPU
		{4F4F16C1-F10F-4300-B574-0BC2BA546317}.Release|Any CPU.Build.0 = Release|Any CPU
	EndGlobalSection
	GlobalSection(SolutionProperties) = preSolution
		HideSolutionNode = FALSE
	EndGlobalSection
	GlobalSection(ExtensibilityGlobals) = postSolution
		SolutionGuid = {549F4F26-2CF3-40FD-B27C-14C4A5025D37}
	EndGlobalSection
EndGlobal
